
Microsoft Visual Studio Solution File, Format Version 12.00
# Visual Studio Version 16
VisualStudioVersion = 16.0.35229.62
MinimumVisualStudioVersion = 10.0.40219.1
Project("{FAE04EC0-301F-11D3-BF4B-00C04F79EFBC}") = "Projet.Android", "Projet.Android\Projet.Android.csproj", "{7FB94A60-6DBF-4F37-87B4-71DB809B1032}"
EndProject
Project("{FAE04EC0-301F-11D3-BF4B-00C04F79EFBC}") = "Projet.iOS", "Projet.iOS\Projet.iOS.csproj", "{63DD8940-541D-4186-A161-07396A320C94}"
EndProject
Project("{FAE04EC0-301F-11D3-BF4B-00C04F79EFBC}") = "Projet", "Projet\Projet.csproj", "{66F6605C-381A-432E-BEEA-43FBC6DA7083}"
EndProject
Global
	GlobalSection(SolutionConfigurationPlatforms) = preSolution
		Debug|Any CPU = Debug|Any CPU
		Debug|iPhone = Debug|iPhone
		Debug|iPhoneSimulator = Debug|iPhoneSimulator
		Release|Any CPU = Release|Any CPU
		Release|iPhone = Release|iPhone
		Release|iPhoneSimulator = Release|iPhoneSimulator
	EndGlobalSection
	GlobalSection(ProjectConfigurationPlatforms) = postSolution
		{7FB94A60-6DBF-4F37-87B4-71DB809B1032}.Debug|Any CPU.ActiveCfg = Debug|Any CPU
		{7FB94A60-6DBF-4F37-87B4-71DB809B1032}.Debug|Any CPU.Build.0 = Debug|Any CPU
		{7FB94A60-6DBF-4F37-87B4-71DB809B1032}.Debug|Any CPU.Deploy.0 = Debug|Any CPU
		{7FB94A60-6DBF-4F37-87B4-71DB809B1032}.Debug|iPhone.ActiveCfg = Debug|Any CPU
		{7FB94A60-6DBF-4F37-87B4-71DB809B1032}.Debug|iPhone.Build.0 = Debug|Any CPU
		{7FB94A60-6DBF-4F37-87B4-71DB809B1032}.Debug|iPhone.Deploy.0 = Debug|Any CPU
		{7FB94A60-6DBF-4F37-87B4-71DB809B1032}.Debug|iPhoneSimulator.ActiveCfg = Debug|Any CPU
		{7FB94A60-6DBF-4F37-87B4-71DB809B1032}.Debug|iPhoneSimulator.Build.0 = Debug|Any CPU
		{7FB94A60-6DBF-4F37-87B4-71DB809B1032}.Debug|iPhoneSimulator.Deploy.0 = Debug|Any CPU
		{7FB94A60-6DBF-4F37-87B4-71DB809B1032}.Release|Any CPU.ActiveCfg = Release|Any CPU
		{7FB94A60-6DBF-4F37-87B4-71DB809B1032}.Release|Any CPU.Build.0 = Release|Any CPU
		{7FB94A60-6DBF-4F37-87B4-71DB809B1032}.Release|Any CPU.Deploy.0 = Release|Any CPU
		{7FB94A60-6DBF-4F37-87B4-71DB809B1032}.Release|iPhone.ActiveCfg = Release|Any CPU
		{7FB94A60-6DBF-4F37-87B4-71DB809B1032}.Release|iPhone.Build.0 = Release|Any CPU
		{7FB94A60-6DBF-4F37-87B4-71DB809B1032}.Release|iPhone.Deploy.0 = Release|Any CPU
		{7FB94A60-6DBF-4F37-87B4-71DB809B1032}.Release|iPhoneSimulator.ActiveCfg = Release|Any CPU
		{7FB94A60-6DBF-4F37-87B4-71DB809B1032}.Release|iPhoneSimulator.Build.0 = Release|Any CPU
		{7FB94A60-6DBF-4F37-87B4-71DB809B1032}.Release|iPhoneSimulator.Deploy.0 = Release|Any CPU
		{63DD8940-541D-4186-A161-07396A320C94}.Debug|Any CPU.ActiveCfg = Debug|iPhone
		{63DD8940-541D-4186-A161-07396A320C94}.Debug|Any CPU.Build.0 = Debug|iPhone
		{63DD8940-541D-4186-A161-07396A320C94}.Debug|Any CPU.Deploy.0 = Debug|iPhone
		{63DD8940-541D-4186-A161-07396A320C94}.Debug|iPhone.ActiveCfg = Debug|iPhone
		{63DD8940-541D-4186-A161-07396A320C94}.Debug|iPhone.Build.0 = Debug|iPhone
		{63DD8940-541D-4186-A161-07396A320C94}.Debug|iPhone.Deploy.0 = Debug|iPhone
		{63DD8940-541D-4186-A161-07396A320C94}.Debug|iPhoneSimulator.ActiveCfg = Debug|iPhoneSimulator
		{63DD8940-541D-4186-A161-07396A320C94}.Debug|iPhoneSimulator.Build.0 = Debug|iPhoneSimulator
		{63DD8940-541D-4186-A161-07396A320C94}.Debug|iPhoneSimulator.Deploy.0 = Debug|iPhoneSimulator
		{63DD8940-541D-4186-A161-07396A320C94}.Release|Any CPU.ActiveCfg = Release|iPhoneSimulator
		{63DD8940-541D-4186-A161-07396A320C94}.Release|Any CPU.Build.0 = Release|iPhoneSimulator
		{63DD8940-541D-4186-A161-07396A320C94}.Release|Any CPU.Deploy.0 = Release|iPhoneSimulator
		{63DD8940-541D-4186-A161-07396A320C94}.Release|iPhone.ActiveCfg = Release|iPhone
		{63DD8940-541D-4186-A161-07396A320C94}.Release|iPhone.Build.0 = Release|iPhone
		{63DD8940-541D-4186-A161-07396A320C94}.Release|iPhone.Deploy.0 = Release|iPhone
		{63DD8940-541D-4186-A161-07396A320C94}.Release|iPhoneSimulator.ActiveCfg = Release|iPhoneSimulator
		{63DD8940-541D-4186-A161-07396A320C94}.Release|iPhoneSimulator.Build.0 = Release|iPhoneSimulator
		{63DD8940-541D-4186-A161-07396A320C94}.Release|iPhoneSimulator.Deploy.0 = Release|iPhoneSimulator
		{66F6605C-381A-432E-BEEA-43FBC6DA7083}.Debug|Any CPU.ActiveCfg = Debug|Any CPU
		{66F6605C-381A-432E-BEEA-43FBC6DA7083}.Debug|Any CPU.Build.0 = Debug|Any CPU
		{66F6605C-381A-432E-BEEA-43FBC6DA7083}.Debug|Any CPU.Deploy.0 = Debug|Any CPU
		{66F6605C-381A-432E-BEEA-43FBC6DA7083}.Debug|iPhone.ActiveCfg = Debug|Any CPU
		{66F6605C-381A-432E-BEEA-43FBC6DA7083}.Debug|iPhone.Build.0 = Debug|Any CPU
		{66F6605C-381A-432E-BEEA-43FBC6DA7083}.Debug|iPhone.Deploy.0 = Debug|Any CPU
		{66F6605C-381A-432E-BEEA-43FBC6DA7083}.Debug|iPhoneSimulator.ActiveCfg = Debug|Any CPU
		{66F6605C-381A-432E-BEEA-43FBC6DA7083}.Debug|iPhoneSimulator.Build.0 = Debug|Any CPU
		{66F6605C-381A-432E-BEEA-43FBC6DA7083}.Debug|iPhoneSimulator.Deploy.0 = Debug|Any CPU
		{66F6605C-381A-432E-BEEA-43FBC6DA7083}.Release|Any CPU.ActiveCfg = Release|Any CPU
		{66F6605C-381A-432E-BEEA-43FBC6DA7083}.Release|Any CPU.Build.0 = Release|Any CPU
		{66F6605C-381A-432E-BEEA-43FBC6DA7083}.Release|Any CPU.Deploy.0 = Release|Any CPU
		{66F6605C-381A-432E-BEEA-43FBC6DA7083}.Release|iPhone.ActiveCfg = Release|Any CPU
		{66F6605C-381A-432E-BEEA-43FBC6DA7083}.Release|iPhone.Build.0 = Release|Any CPU
		{66F6605C-381A-432E-BEEA-43FBC6DA7083}.Release|iPhone.Deploy.0 = Release|Any CPU
		{66F6605C-381A-432E-BEEA-43FBC6DA7083}.Release|iPhoneSimulator.ActiveCfg = Release|Any CPU
		{66F6605C-381A-432E-BEEA-43FBC6DA7083}.Release|iPhoneSimulator.Build.0 = Release|Any CPU
		{66F6605C-381A-432E-BEEA-43FBC6DA7083}.Release|iPhoneSimulator.Deploy.0 = Release|Any CPU
	EndGlobalSection
	GlobalSection(SolutionProperties) = preSolution
		HideSolutionNode = FALSE
	EndGlobalSection
	GlobalSection(ExtensibilityGlobals) = postSolution
		SolutionGuid = {BA775813-4D40-4E2D-AAE1-AB0C23687574}
	EndGlobalSection
EndGlobal
